{
  "$schema": "schemas/upstreams-lock.schema.json",
  "schema_version": 1,
  "baseline": {
    "date": "2026-09-08",
    "status": "pending-maintainer-approval",
    "approved_by": null,
    "approved_at": null,
    "notes": [
      "Revisions are observed local HEADs, not accepted import cutoffs.",
      "BNG3 and NFsim worktrees were dirty; revisions identify HEAD only, not uncommitted content.",
      "Remote refresh was attempted on 2026-09-07 but blocked by unavailable DNS; maintainer approval and oracle locks remain pending.",
      "Observed local revisions were refreshed on 2026-09-08 after the validated semantic-model checkpoint."
    ]
  },
  "sources": {
    "bng3": {
      "repository": "https://github.com/RuleWorld/BNG3.git",
      "branch": "main",
      "revision": "1752c2c74c7ca4d37ee5a3c5a1bf5afaa996aadb",
      "role": "destination-and-future-authority",
      "status": "observed",
      "evidence": {
        "kind": "local-checkout",
        "checked_at": "2026-09-08"
      }
    },
    "bionetgen": {
      "repository": "https://github.com/RuleWorld/bionetgen.git",
      "branch": "master",
      "revision": "e0a5c6d9e6c4730f66102e48d0d0a598337083e7",
      "role": "reconciliation-source-and-bng2-oracle-lineage",
      "status": "observed",
      "evidence": {
        "kind": "local-checkout",
        "checked_at": "2026-09-08"
      }
    },
    "nfsim": {
      "repository": "https://github.com/RuleWorld/NFsim.git",
      "branch": "master",
      "revision": "a6f9fa945c9d6e1e122e789c952260112c93f157",
      "role": "reconciliation-source-and-native-oracle-lineage",
      "status": "observed",
      "evidence": {
        "kind": "local-checkout",
        "checked_at": "2026-09-08"
      }
    },
    "nfsim-rasi": {
      "repository": "https://github.com/akutuva21/nfsim.git",
      "branch": "perf/rasi-translation-optimization",
      "revision": "d13086bd3cf2fd268be5efea4d83089301479de3",
      "role": "Rasi translation and performance reconciliation source",
      "status": "observed",
      "evidence": {
        "kind": "local-checkout",
        "checked_at": "2026-09-08"
      }
    },
    "bngsim": {
      "repository": "https://github.com/lanl/bngsim.git",
      "branch": "main",
      "revision": "49dc939035f5a272da663f8c9586e3c9f0e1c041",
      "role": "evaluated-network-backend-candidate",
      "status": "observed",
      "evidence": {
        "kind": "remote-head",
        "checked_at": "2026-09-08"
      }
    },
    "pybionetgen": {
      "repository": "https://github.com/RuleWorld/PyBioNetGen.git",
      "branch": "main",
      "revision": "43b09a5346402986d48b1defba5eaec0ae2f7802",
      "role": "python-and-atomizer-reconciliation-source",
      "status": "observed",
      "evidence": {
        "kind": "local-checkout",
        "checked_at": "2026-09-08"
      }
    },
    "bngplayground": {
      "repository": "https://github.com/RuleWorld/bngplayground.git",
      "branch": "codex/atomizer-roundtrip-parity",
      "revision": "ba781d690512b964711a3ca2df059be95e01561d",
      "role": "independent Atomizer and Playground implementation reference",
      "status": "observed",
      "evidence": {
        "kind": "local-checkout",
        "checked_at": "2026-09-08"
      }
    },
    "rulehub": {
      "repository": "https://github.com/RuleWorld/RuleHub.git",
      "branch": "master",
      "revision": "b84f0a72ad21dc70cb99d4880b49a40f17046357",
      "role": "validation-corpus-and-metadata",
      "status": "observed",
      "evidence": {
        "kind": "planning-snapshot",
        "checked_at": "2026-08-28"
      }
    }
  },
  "oracles": {
    "bng2": {
      "source": "bionetgen",
      "status": "pending",
      "build_recipe": null,
      "artifact_digest": null
    },
    "nfsim": {
      "source": "nfsim",
      "status": "pending",
      "build_recipe": null,
      "artifact_digest": null
    }
  },
  "dependencies": {
    "compiler_images": {
      "status": "pending",
      "images": []
    },
    "python_lock": {
      "status": "pending",
      "path": null,
      "digest": null
    }
  }
}
